
Microsoft Visual Studio Solution File, Format Version 12.00
# Visual Studio 14
VisualStudioVersion = 14.0.25123.0
MinimumVisualStudioVersion = 10.0.40219.1
Project("{8BB2217D-0F2D-49D1-97BC-3654ED321F3B}") = "ProductCatalogServiceHost", "src\ProductCatalogServiceHost\ProductCatalogServiceHost.xproj", "{67BC7DA3-F9C6-444F-B6C2-03687CAD07DE}"
EndProject
Project("{8BB2217D-0F2D-49D1-97BC-3654ED321F3B}") = "ProductCatalogService", "src\ProductCatalogService\ProductCatalogService.xproj", "{262C0999-BA43-4BA6-9BC5-AE2CC8C33AEA}"
EndProject
Project("{8BB2217D-0F2D-49D1-97BC-3654ED321F3B}") = "PriceServiceHost", "src\PriceServiceHost\PriceServiceHost.xproj", "{3BE9CACF-31D1-4FEE-AD01-C1154F9C99EE}"
EndProject
Project("{8BB2217D-0F2D-49D1-97BC-3654ED321F3B}") = "DomainModel", "src\DomainModel\DomainModel.xproj", "{6DF1E509-0DC2-4FD1-9EB2-08A0979746E9}"
EndProject
Project("{8BB2217D-0F2D-49D1-97BC-3654ED321F3B}") = "SharedServices", "src\SharedServices\SharedServices.xproj", "{60B85FB1-48D0-4EAF-8343-510758CAF502}"
EndProject
Project("{8BB2217D-0F2D-49D1-97BC-3654ED321F3B}") = "PriceService", "src\PriceService\PriceService.xproj", "{0FEC3BAC-38E2-4493-B1AC-CD89DC78D1D1}"
EndProject
Project("{2150E333-8FDC-42A3-9474-1A3956D46DE8}") = "src", "src", "{38CE14E2-113D-4301-9A04-02867760C0D4}"
EndProject
Project("{2150E333-8FDC-42A3-9474-1A3956D46DE8}") = "test", "test", "{BC5E3665-1FA8-40FB-9553-E60EE282643D}"
EndProject
Project("{8BB2217D-0F2D-49D1-97BC-3654ED321F3B}") = "Shoppers.Tests", "test\Shoppers.Tests\Shoppers.Tests.xproj", "{5C19A201-07AB-43B9-866C-8A2ECDB6790C}"
EndProject
Project("{2150E333-8FDC-42A3-9474-1A3956D46DE8}") = "Solution Items", "Solution Items", "{7C27B2BB-11E5-4054-8C06-BE4267708363}"
	ProjectSection(SolutionItems) = preProject
		global.json = global.json
	EndProjectSection
EndProject
Global
	GlobalSection(SolutionConfigurationPlatforms) = preSolution
		Debug|Any CPU = Debug|Any CPU
		Release|Any CPU = Release|Any CPU
	EndGlobalSection
	GlobalSection(ProjectConfigurationPlatforms) = postSolution
		{67BC7DA3-F9C6-444F-B6C2-03687CAD07DE}.Debug|Any CPU.ActiveCfg = Debug|Any CPU
		{67BC7DA3-F9C6-444F-B6C2-03687CAD07DE}.Debug|Any CPU.Build.0 = Debug|Any CPU
		{67BC7DA3-F9C6-444F-B6C2-03687CAD07DE}.Release|Any CPU.ActiveCfg = Release|Any CPU
		{67BC7DA3-F9C6-444F-B6C2-03687CAD07DE}.Release|Any CPU.Build.0 = Release|Any CPU
		{262C0999-BA43-4BA6-9BC5-AE2CC8C33AEA}.Debug|Any CPU.ActiveCfg = Debug|Any CPU
		{262C0999-BA43-4BA6-9BC5-AE2CC8C33AEA}.Debug|Any CPU.Build.0 = Debug|Any CPU
		{262C0999-BA43-4BA6-9BC5-AE2CC8C33AEA}.Release|Any CPU.ActiveCfg = Release|Any CPU
		{262C0999-BA43-4BA6-9BC5-AE2CC8C33AEA}.Release|Any CPU.Build.0 = Release|Any CPU
		{3BE9CACF-31D1-4FEE-AD01-C1154F9C99EE}.Debug|Any CPU.ActiveCfg = Debug|Any CPU
		{3BE9CACF-31D1-4FEE-AD01-C1154F9C99EE}.Debug|Any CPU.Build.0 = Debug|Any CPU
		{3BE9CACF-31D1-4FEE-AD01-C1154F9C99EE}.Release|Any CPU.ActiveCfg = Release|Any CPU
		{3BE9CACF-31D1-4FEE-AD01-C1154F9C99EE}.Release|Any CPU.Build.0 = Release|Any CPU
		{6DF1E509-0DC2-4FD1-9EB2-08A0979746E9}.Debug|Any CPU.ActiveCfg = Debug|Any CPU
		{6DF1E509-0DC2-4FD1-9EB2-08A0979746E9}.Debug|Any CPU.Build.0 = Debug|Any CPU
		{6DF1E509-0DC2-4FD1-9EB2-08A0979746E9}.Release|Any CPU.ActiveCfg = Release|Any CPU
		{6DF1E509-0DC2-4FD1-9EB2-08A0979746E9}.Release|Any CPU.Build.0 = Release|Any CPU
		{60B85FB1-48D0-4EAF-8343-510758CAF502}.Debug|Any CPU.ActiveCfg = Debug|Any CPU
		{60B85FB1-48D0-4EAF-8343-510758CAF502}.Debug|Any CPU.Build.0 = Debug|Any CPU
		{60B85FB1-48D0-4EAF-8343-510758CAF502}.Release|Any CPU.ActiveCfg = Release|Any CPU
		{60B85FB1-48D0-4EAF-8343-510758CAF502}.Release|Any CPU.Build.0 = Release|Any CPU
		{0FEC3BAC-38E2-4493-B1AC-CD89DC78D1D1}.Debug|Any CPU.ActiveCfg = Debug|Any CPU
		{0FEC3BAC-38E2-4493-B1AC-CD89DC78D1D1}.Debug|Any CPU.Build.0 = Debug|Any CPU
		{0FEC3BAC-38E2-4493-B1AC-CD89DC78D1D1}.Release|Any CPU.ActiveCfg = Release|Any CPU
		{0FEC3BAC-38E2-4493-B1AC-CD89DC78D1D1}.Release|Any CPU.Build.0 = Release|Any CPU
		{5C19A201-07AB-43B9-866C-8A2ECDB6790C}.Debug|Any CPU.ActiveCfg = Debug|Any CPU
		{5C19A201-07AB-43B9-866C-8A2ECDB6790C}.Debug|Any CPU.Build.0 = Debug|Any CPU
		{5C19A201-07AB-43B9-866C-8A2ECDB6790C}.Release|Any CPU.ActiveCfg = Release|Any CPU
		{5C19A201-07AB-43B9-866C-8A2ECDB6790C}.Release|Any CPU.Build.0 = Release|Any CPU
	EndGlobalSection
	GlobalSection(SolutionProperties) = preSolution
		HideSolutionNode = FALSE
	EndGlobalSection
	GlobalSection(NestedProjects) = preSolution
		{67BC7DA3-F9C6-444F-B6C2-03687CAD07DE} = {38CE14E2-113D-4301-9A04-02867760C0D4}
		{262C0999-BA43-4BA6-9BC5-AE2CC8C33AEA} = {38CE14E2-113D-4301-9A04-02867760C0D4}
		{3BE9CACF-31D1-4FEE-AD01-C1154F9C99EE} = {38CE14E2-113D-4301-9A04-02867760C0D4}
		{6DF1E509-0DC2-4FD1-9EB2-08A0979746E9} = {38CE14E2-113D-4301-9A04-02867760C0D4}
		{60B85FB1-48D0-4EAF-8343-510758CAF502} = {38CE14E2-113D-4301-9A04-02867760C0D4}
		{0FEC3BAC-38E2-4493-B1AC-CD89DC78D1D1} = {38CE14E2-113D-4301-9A04-02867760C0D4}
		{5C19A201-07AB-43B9-866C-8A2ECDB6790C} = {BC5E3665-1FA8-40FB-9553-E60EE282643D}
	EndGlobalSection
EndGlobal
